// !$*UTF8*$!
{
	archiveVersion = 1;
	classes = {
	};
	objectVersion = 46;
	objects = {

/* Begin PBXGroup section */
		BDBF43D91B75CAFA00AF2FAF = {
			isa = PBXGroup;
			children = (
			);
			sourceTree = "<group>";
		};
/* End PBXGroup section */

/* Begin PBXProject section */
		BDBF43DA1B75CAFA00AF2FAF /* Project object */ = {
			isa = PBXProject;
			attributes = {
				LastUpgradeCheck = 0630;
			};
			buildConfigurationList = BDBF43DD1B75CAFA00AF2FAF /* Build configuration list for PBXProject "JSTest" */;
			compatibilityVersion = "Xcode 3.2";
			developmentRegion = English;
			hasScannedForEncodings = 0;
			knownRegions = (
				en,
			);
			mainGroup = BDBF43D91B75CAFA00AF2FAF;
			projectDirPath = "";
			projectRoot = "";
			targets = (
			);
		};
/* End PBXProject section */

/* Begin XCBuildConfiguration section */
		BDBF43DE1B75CAFA00AF2FAF /* Debug */ = {
			isa = XCBuildConfiguration;
			buildSettings = {
			};
			name = Debug;
		};
		BDBF43DF1B75CAFA00AF2FAF /* Release */ = {
			isa = XCBuildConfiguration;
			buildSettings = {
			};
			name = Release;
		};
/* End XCBuildConfiguration section */

/* Begin XCConfigurationList section */
		BDBF43DD1B75CAFA00AF2FAF /* Build configuration list for PBXProject "JSTest" */ = {
			isa = XCConfigurationList;
			buildConfigurations = (
				BDBF43DE1B75CAFA00AF2FAF /* Debug */,
				BDBF43DF1B75CAFA00AF2FAF /* Release */,
			);
			defaultConfigurationIsVisible = 0;
			defaultConfigurationName = Release;
		};
/* End XCConfigurationList section */
	};
	rootObject = BDBF43DA1B75CAFA00AF2FAF /* Project object */;
}
